
Microsoft Visual Studio Solution File, Format Version 12.00
# Visual Studio Version 17
VisualStudioVersion = 17.7.34221.43
MinimumVisualStudioVersion = 10.0.40219.1
Project("{9A19103F-16F7-4668-BE54-9A1E7A4F7556}") = "AttendifyServerProjectC", "AttendifyServerProjectC\AttendifyServerProjectC.csproj", "{EF0A8957-61E8-4530-BB91-00D661293038}"
EndProject
Project("{9A19103F-16F7-4668-BE54-9A1E7A4F7556}") = "AttendifySharedProjectC", "..\AttendifyClientProjectC\AttendifySharedProjectC\AttendifySharedProjectC.csproj", "{025364C9-C425-4D5C-B782-E78D7C13F2FE}"
EndProject
Global
	GlobalSection(SolutionConfigurationPlatforms) = preSolution
		Debug|Any CPU = Debug|Any CPU
		Release|Any CPU = Release|Any CPU
	EndGlobalSection
	GlobalSection(ProjectConfigurationPlatforms) = postSolution
		{EF0A8957-61E8-4530-BB91-00D661293038}.Debug|Any CPU.ActiveCfg = Debug|Any CPU
		{EF0A8957-61E8-4530-BB91-00D661293038}.Debug|Any CPU.Build.0 = Debug|Any CPU
		{EF0A8957-61E8-4530-BB91-00D661293038}.Release|Any CPU.ActiveCfg = Release|Any CPU
		{EF0A8957-61E8-4530-BB91-00D661293038}.Release|Any CPU.Build.0 = Release|Any CPU
		{025364C9-C425-4D5C-B782-E78D7C13F2FE}.Debug|Any CPU.ActiveCfg = Debug|Any CPU
		{025364C9-C425-4D5C-B782-E78D7C13F2FE}.Debug|Any CPU.Build.0 = Debug|Any CPU
		{025364C9-C425-4D5C-B782-E78D7C13F2FE}.Release|Any CPU.ActiveCfg = Release|Any CPU
		{025364C9-C425-4D5C-B782-E78D7C13F2FE}.Release|Any CPU.Build.0 = Release|Any CPU
	EndGlobalSection
	GlobalSection(SolutionProperties) = preSolution
		HideSolutionNode = FALSE
	EndGlobalSection
	GlobalSection(ExtensibilityGlobals) = postSolution
		SolutionGuid = {020654AB-B217-4942-90C1-A28EDA62453C}
	EndGlobalSection
EndGlobal
